// !$*UTF8*$!
{
	archiveVersion = 1;
	classes = {
	};
	objectVersion = 46;
	objects = {

/* Begin PBXBuildFile section */
		8362E8831E5FFF8C00575094 /* AppDelegate.swift in Sources */ = {isa = PBXBuildFile; fileRef = 8362E8821E5FFF8C00575094 /* AppDelegate.swift */; };
		8362E8851E5FFF8C00575094 /* ViewController.swift in Sources */ = {isa = PBXBuildFile; fileRef = 8362E8841E5FFF8C00575094 /* ViewController.swift */; };
		8362E88A1E5FFF8C00575094 /* Assets.xcassets in Resources */ = {isa = PBXBuildFile; fileRef = 8362E8891E5FFF8C00575094 /* Assets.xcassets */; };
		8362E88D1E5FFF8C00575094 /* LaunchScreen.storyboard in Resources */ = {isa = PBXBuildFile; fileRef = 8362E88B1E5FFF8C00575094 /* LaunchScreen.storyboard */; };
		8362E8951E6015B200575094 /* DetailViewController.swift in Sources */ = {isa = PBXBuildFile; fileRef = 8362E8941E6015B200575094 /* DetailViewController.swift */; };
		83B837C41E613856002E8D12 /* QuartzCore.framework in Frameworks */ = {isa = PBXBuildFile; fileRef = 83B837C31E613856002E8D12 /* QuartzCore.framework */; };
		83D947D41E632F9F00072D9C /* MaskLayerViewController.swift in Sources */ = {isa = PBXBuildFile; fileRef = 83D947D31E632F9F00072D9C /* MaskLayerViewController.swift */; };
		83D947D61E64160D00072D9C /* TransformViewController.swift in Sources */ = {isa = PBXBuildFile; fileRef = 83D947D51E64160D00072D9C /* TransformViewController.swift */; };
		83D947D81E64268C00072D9C /* AnimationLayerViewController.swift in Sources */ = {isa = PBXBuildFile; fileRef = 83D947D71E64268C00072D9C /* AnimationLayerViewController.swift */; };
		C1C28D79219335C17A18531B /* libPods-calayer.a in Frameworks */ = {isa = PBXBuildFile; fileRef = DD9E84E5358E3685AEBF77BB /* libPods-calayer.a */; };
/* End PBXBuildFile section */

/* Begin PBXFileReference section */
		7292EA67E38B8626C3E77C01 /* Pods-calayer.release.xcconfig */ = {isa = PBXFileReference; includeInIndex = 1; lastKnownFileType = text.xcconfig; name = "Pods-calayer.release.xcconfig"; path = "Pods/Target Support Files/Pods-calayer/Pods-calayer.release.xcconfig"; sourceTree = "<group>"; };
		8362E87F1E5FFF8C00575094 /* calayer.app */ = {isa = PBXFileReference; explicitFileType = wrapper.application; includeInIndex = 0; path = calayer.app; sourceTree = BUILT_PRODUCTS_DIR; };
		8362E8821E5FFF8C00575094 /* AppDelegate.swift */ = {isa = PBXFileReference; lastKnownFileType = sourcecode.swift; path = AppDelegate.swift; sourceTree = "<group>"; };
		8362E8841E5FFF8C00575094 /* ViewController.swift */ = {isa = PBXFileReference; lastKnownFileType = sourcecode.swift; path = ViewController.swift; sourceTree = "<group>"; };
		8362E8891E5FFF8C00575094 /* Assets.xcassets */ = {isa = PBXFileReference; lastKnownFileType = folder.assetcatalog; path = Assets.xcassets; sourceTree = "<group>"; };
		8362E88C1E5FFF8C00575094 /* Base */ = {isa = PBXFileReference; lastKnownFileType = file.storyboard; name = Base; path = Base.lproj/LaunchScreen.storyboard; sourceTree = "<group>"; };
		8362E88E1E5FFF8C00575094 /* Info.plist */ = {isa = PBXFileReference; lastKnownFileType = text.plist.xml; path = Info.plist; sourceTree = "<group>"; };
		8362E8941E6015B200575094 /* DetailViewController.swift */ = {isa = PBXFileReference; fileEncoding = 4; lastKnownFileType = sourcecode.swift; path = DetailViewController.swift; sourceTree = "<group>"; };
		83B837C31E613856002E8D12 /* QuartzCore.framework */ = {isa = PBXFileReference; lastKnownFileType = wrapper.framework; name = QuartzCore.framework; path = System/Library/Frameworks/QuartzCore.framework; sourceTree = SDKROOT; };
		83D947D31E632F9F00072D9C /* MaskLayerViewController.swift */ = {isa = PBXFileReference; fileEncoding = 4; lastKnownFileType = sourcecode.swift; path = MaskLayerViewController.swift; sourceTree = "<group>"; };
		83D947D51E64160D00072D9C /* TransformViewController.swift */ = {isa = PBXFileReference; fileEncoding = 4; lastKnownFileType = sourcecode.swift; path = TransformViewController.swift; sourceTree = "<group>"; };
		83D947D71E64268C00072D9C /* AnimationLayerViewController.swift */ = {isa = PBXFileReference; fileEncoding = 4; lastKnownFileType = sourcecode.swift; path = AnimationLayerViewController.swift; sourceTree = "<group>"; };
		C2DA94352058CD4C277A8089 /* Pods-calayer.debug.xcconfig */ = {isa = PBXFileReference; includeInIndex = 1; lastKnownFileType = text.xcconfig; name = "Pods-calayer.debug.xcconfig"; path = "Pods/Target Support Files/Pods-calayer/Pods-calayer.debug.xcconfig"; sourceTree = "<group>"; };
		DD9E84E5358E3685AEBF77BB /* libPods-calayer.a */ = {isa = PBXFileReference; explicitFileType = archive.ar; includeInIndex = 0; path = "libPods-calayer.a"; sourceTree = BUILT_PRODUCTS_DIR; };
/* End PBXFileReference section */

/* Begin PBXFrameworksBuildPhase section */
		8362E87C1E5FFF8C00575094 /* Frameworks */ = {
			isa = PBXFrameworksBuildPhase;
			buildActionMask = 2147483647;
			files = (
				83B837C41E613856002E8D12 /* QuartzCore.framework in Frameworks */,
				C1C28D79219335C17A18531B /* libPods-calayer.a in Frameworks */,
			);
			runOnlyForDeploymentPostprocessing = 0;
		};
/* End PBXFrameworksBuildPhase section */

/* Begin PBXGroup section */
		8362E8761E5FFF8C00575094 = {
			isa = PBXGroup;
			children = (
				8362E8811E5FFF8C00575094 /* calayer */,
				8362E8801E5FFF8C00575094 /* Products */,
				83B837C21E613856002E8D12 /* Frameworks */,
				E645CB51A94D272F1776ED2E /* Pods */,
			);
			sourceTree = "<group>";
		};
		8362E8801E5FFF8C00575094 /* Products */ = {
			isa = PBXGroup;
			children = (
				8362E87F1E5FFF8C00575094 /* calayer.app */,
			);
			name = Products;
			sourceTree = "<group>";
		};
		8362E8811E5FFF8C00575094 /* calayer */ = {
			isa = PBXGroup;
			children = (
				83D947D21E62F8D600072D9C /* View */,
				8362E8821E5FFF8C00575094 /* AppDelegate.swift */,
				8362E8841E5FFF8C00575094 /* ViewController.swift */,
				8362E8891E5FFF8C00575094 /* Assets.xcassets */,
				8362E88B1E5FFF8C00575094 /* LaunchScreen.storyboard */,
				8362E88E1E5FFF8C00575094 /* Info.plist */,
				8362E8941E6015B200575094 /* DetailViewController.swift */,
				83D947D31E632F9F00072D9C /* MaskLayerViewController.swift */,
				83D947D51E64160D00072D9C /* TransformViewController.swift */,
				83D947D71E64268C00072D9C /* AnimationLayerViewController.swift */,
			);
			path = calayer;
			sourceTree = "<group>";
		};
		83B837C21E613856002E8D12 /* Frameworks */ = {
			isa = PBXGroup;
			children = (
				83B837C31E613856002E8D12 /* QuartzCore.framework */,
				DD9E84E5358E3685AEBF77BB /* libPods-calayer.a */,
			);
			name = Frameworks;
			sourceTree = "<group>";
		};
		83D947D21E62F8D600072D9C /* View */ = {
			isa = PBXGroup;
			children = (
			);
			name = View;
			sourceTree = "<group>";
		};
		E645CB51A94D272F1776ED2E /* Pods */ = {
			isa = PBXGroup;
			children = (
				C2DA94352058CD4C277A8089 /* Pods-calayer.debug.xcconfig */,
				7292EA67E38B8626C3E77C01 /* Pods-calayer.release.xcconfig */,
			);
			name = Pods;
			sourceTree = "<group>";
		};
/* End PBXGroup section */

/* Begin PBXNativeTarget section */
		8362E87E1E5FFF8C00575094 /* calayer */ = {
			isa = PBXNativeTarget;
			buildConfigurationList = 8362E8911E5FFF8C00575094 /* Build configuration list for PBXNativeTarget "calayer" */;
			buildPhases = (
				A1A583550E48A5FBF9B5B657 /* [CP] Check Pods Manifest.lock */,
				8362E87B1E5FFF8C00575094 /* Sources */,
				8362E87C1E5FFF8C00575094 /* Frameworks */,
				8362E87D1E5FFF8C00575094 /* Resources */,
				1FCB9B2798F6666B7EA5CB8A /* [CP] Embed Pods Frameworks */,
				BE94217A48D5F1E58F8ED40D /* [CP] Copy Pods Resources */,
			);
			buildRules = (
			);
			dependencies = (
			);
			name = calayer;
			productName = calayer;
			productReference = 8362E87F1E5FFF8C00575094 /* calayer.app */;
			productType = "com.apple.product-type.application";
		};
/* End PBXNativeTarget section */

/* Begin PBXProject section */
		8362E8771E5FFF8C00575094 /* Project object */ = {
			isa = PBXProject;
			attributes = {
				LastSwiftUpdateCheck = 0820;
				LastUpgradeCheck = 0820;
				ORGANIZATIONNAME = towry;
				TargetAttributes = {
					8362E87E1E5FFF8C00575094 = {
						CreatedOnToolsVersion = 8.2.1;
						DevelopmentTeam = 5S95K97BRD;
						ProvisioningStyle = Automatic;
					};
				};
			};
			buildConfigurationList = 8362E87A1E5FFF8C00575094 /* Build configuration list for PBXProject "calayer" */;
			compatibilityVersion = "Xcode 3.2";
			developmentRegion = English;
			hasScannedForEncodings = 0;
			knownRegions = (
				en,
				Base,
			);
			mainGroup = 8362E8761E5FFF8C00575094;
			productRefGroup = 8362E8801E5FFF8C00575094 /* Products */;
			projectDirPath = "";
			projectRoot = "";
			targets = (
				8362E87E1E5FFF8C00575094 /* calayer */,
			);
		};
/* End PBXProject section */

/* Begin PBXResourcesBuildPhase section */
		8362E87D1E5FFF8C00575094 /* Resources */ = {
			isa = PBXResourcesBuildPhase;
			buildActionMask = 2147483647;
			files = (
				8362E88D1E5FFF8C00575094 /* LaunchScreen.storyboard in Resources */,
				8362E88A1E5FFF8C00575094 /* Assets.xcassets in Resources */,
			);
			runOnlyForDeploymentPostprocessing = 0;
		};
/* End PBXResourcesBuildPhase section */

/* Begin PBXShellScriptBuildPhase section */
		1FCB9B2798F6666B7EA5CB8A /* [CP] Embed Pods Frameworks */ = {
			isa = PBXShellScriptBuildPhase;
			buildActionMask = 2147483647;
			files = (
			);
			inputPaths = (
			);
			name = "[CP] Embed Pods Frameworks";
			outputPaths = (
			);
			runOnlyForDeploymentPostprocessing = 0;
			shellPath = /bin/sh;
			shellScript = "\"${SRCROOT}/Pods/Target Support Files/Pods-calayer/Pods-calayer-frameworks.sh\"\n";
			showEnvVarsInLog = 0;
		};
		A1A583550E48A5FBF9B5B657 /* [CP] Check Pods Manifest.lock */ = {
			isa = PBXShellScriptBuildPhase;
			buildActionMask = 2147483647;
			files = (
			);
			inputPaths = (
			);
			name = "[CP] Check Pods Manifest.lock";
			outputPaths = (
			);
			runOnlyForDeploymentPostprocessing = 0;
			shellPath = /bin/sh;
			shellScript = "diff \"${PODS_ROOT}/../Podfile.lock\" \"${PODS_ROOT}/Manifest.lock\" > /dev/null\nif [ $? != 0 ] ; then\n    # print error to STDERR\n    echo \"error: The sandbox is not in sync with the Podfile.lock. Run 'pod install' or update your CocoaPods installation.\" >&2\n    exit 1\nfi\n";
			showEnvVarsInLog = 0;
		};
		BE94217A48D5F1E58F8ED40D /* [CP] Copy Pods Resources */ = {
			isa = PBXShellScriptBuildPhase;
			buildActionMask = 2147483647;
			files = (
			);
			inputPaths = (
			);
			name = "[CP] Copy Pods Resources";
			outputPaths = (
			);
			runOnlyForDeploymentPostprocessing = 0;
			shellPath = /bin/sh;
			shellScript = "\"${SRCROOT}/Pods/Target Support Files/Pods-calayer/Pods-calayer-resources.sh\"\n";
			showEnvVarsInLog = 0;
		};
/* End PBXShellScriptBuildPhase section */

/* Begin PBXSourcesBuildPhase section */
		8362E87B1E5FFF8C00575094 /* Sources */ = {
			isa = PBXSourcesBuildPhase;
			buildActionMask = 2147483647;
			files = (
				83D947D61E64160D00072D9C /* TransformViewController.swift in Sources */,
				8362E8951E6015B200575094 /* DetailViewController.swift in Sources */,
				8362E8851E5FFF8C00575094 /* ViewController.swift in Sources */,
				83D947D41E632F9F00072D9C /* MaskLayerViewController.swift in Sources */,
				8362E8831E5FFF8C00575094 /* AppDelegate.swift in Sources */,
				83D947D81E64268C00072D9C /* AnimationLayerViewController.swift in Sources */,
			);
			runOnlyForDeploymentPostprocessing = 0;
		};
/* End PBXSourcesBuildPhase section */

/* Begin PBXVariantGroup section */
		8362E88B1E5FFF8C00575094 /* LaunchScreen.storyboard */ = {
			isa = PBXVariantGroup;
			children = (
				8362E88C1E5FFF8C00575094 /* Base */,
			);
			name = LaunchScreen.storyboard;
			sourceTree = "<group>";
		};
/* End PBXVariantGroup section */

/* Begin XCBuildConfiguration section */
		8362E88F1E5FFF8C00575094 /* Debug */ = {
			isa = XCBuildConfiguration;
			buildSettings = {
				ALWAYS_SEARCH_USER_PATHS = NO;
				CLANG_ANALYZER_NONNULL = YES;
				CLANG_CXX_LANGUAGE_STANDARD = "gnu++0x";
				CLANG_CXX_LIBRARY = "libc++";
				CLANG_ENABLE_MODULES = YES;
				CLANG_ENABLE_OBJC_ARC = YES;
				CLANG_WARN_BOOL_CONVERSION = YES;
				CLANG_WARN_CONSTANT_CONVERSION = YES;
				CLANG_WARN_DIRECT_OBJC_ISA_USAGE = YES_ERROR;
				CLANG_WARN_DOCUMENTATION_COMMENTS = YES;
				CLANG_WARN_EMPTY_BODY = YES;
				CLANG_WARN_ENUM_CONVERSION = YES;
				CLANG_WARN_INFINITE_RECURSION = YES;
				CLANG_WARN_INT_CONVERSION = YES;
				CLANG_WARN_OBJC_ROOT_CLASS = YES_ERROR;
				CLANG_WARN_SUSPICIOUS_MOVE = YES;
				CLANG_WARN_UNREACHABLE_CODE = YES;
				CLANG_WARN__DUPLICATE_METHOD_MATCH = YES;
				"CODE_SIGN_IDENTITY[sdk=iphoneos*]" = "iPhone Developer";
				COPY_PHASE_STRIP = NO;
				DEBUG_INFORMATION_FORMAT = dwarf;
				ENABLE_STRICT_OBJC_MSGSEND = YES;
				ENABLE_TESTABILITY = YES;
				GCC_C_LANGUAGE_STANDARD = gnu99;
				GCC_DYNAMIC_NO_PIC = NO;
				GCC_NO_COMMON_BLOCKS = YES;
				GCC_OPTIMIZATION_LEVEL = 0;
				GCC_PREPROCESSOR_DEFINITIONS = (
					"DEBUG=1",
					"$(inherited)",
				);
				GCC_WARN_64_TO_32_BIT_CONVERSION = YES;
				GCC_WARN_ABOUT_RETURN_TYPE = YES_ERROR;
				GCC_WARN_UNDECLARED_SELECTOR = YES;
				GCC_WARN_UNINITIALIZED_AUTOS = YES_AGGRESSIVE;
				GCC_WARN_UNUSED_FUNCTION = YES;
				GCC_WARN_UNUSED_VARIABLE = YES;
				IPHONEOS_DEPLOYMENT_TARGET = 10.2;
				MTL_ENABLE_DEBUG_INFO = YES;
				ONLY_ACTIVE_ARCH = YES;
				SDKROOT = iphoneos;
				SWIFT_ACTIVE_COMPILATION_CONDITIONS = DEBUG;
				SWIFT_OPTIMIZATION_LEVEL = "-Onone";
				TARGETED_DEVICE_FAMILY = "1,2";
			};
			name = Debug;
		};
		8362E8901E5FFF8C00575094 /* Release */ = {
			isa = XCBuildConfiguration;
			buildSettings = {
				ALWAYS_SEARCH_USER_PATHS = NO;
				CLANG_ANALYZER_NONNULL = YES;
				CLANG_CXX_LANGUAGE_STANDARD = "gnu++0x";
				CLANG_CXX_LIBRARY = "libc++";
				CLANG_ENABLE_MODULES = YES;
				CLANG_ENABLE_OBJC_ARC = YES;
				CLANG_WARN_BOOL_CONVERSION = YES;
				CLANG_WARN_CONSTANT_CONVERSION = YES;
				CLANG_WARN_DIRECT_OBJC_ISA_USAGE = YES_ERROR;
				CLANG_WARN_DOCUMENTATION_COMMENTS = YES;
				CLANG_WARN_EMPTY_BODY = YES;
				CLANG_WARN_ENUM_CONVERSION = YES;
				CLANG_WARN_INFINITE_RECURSION = YES;
				CLANG_WARN_INT_CONVERSION = YES;
				CLANG_WARN_OBJC_ROOT_CLASS = YES_ERROR;
				CLANG_WARN_SUSPICIOUS_MOVE = YES;
				CLANG_WARN_UNREACHABLE_CODE = YES;
				CLANG_WARN__DUPLICATE_METHOD_MATCH = YES;
				"CODE_SIGN_IDENTITY[sdk=iphoneos*]" = "iPhone Developer";
				COPY_PHASE_STRIP = NO;
				DEBUG_INFORMATION_FORMAT = "dwarf-with-dsym";
				ENABLE_NS_ASSERTIONS = NO;
				ENABLE_STRICT_OBJC_MSGSEND = YES;
				GCC_C_LANGUAGE_STANDARD = gnu99;
				GCC_NO_COMMON_BLOCKS = YES;
				GCC_WARN_64_TO_32_BIT_CONVERSION = YES;
				GCC_WARN_ABOUT_RETURN_TYPE = YES_ERROR;
				GCC_WARN_UNDECLARED_SELECTOR = YES;
				GCC_WARN_UNINITIALIZED_AUTOS = YES_AGGRESSIVE;
				GCC_WARN_UNUSED_FUNCTION = YES;
				GCC_WARN_UNUSED_VARIABLE = YES;
				IPHONEOS_DEPLOYMENT_TARGET = 10.2;
				MTL_ENABLE_DEBUG_INFO = NO;
				SDKROOT = iphoneos;
				SWIFT_OPTIMIZATION_LEVEL = "-Owholemodule";
				TARGETED_DEVICE_FAMILY = "1,2";
				VALIDATE_PRODUCT = YES;
			};
			name = Release;
		};
		8362E8921E5FFF8C00575094 /* Debug */ = {
			isa = XCBuildConfiguration;
			baseConfigurationReference = C2DA94352058CD4C277A8089 /* Pods-calayer.debug.xcconfig */;
			buildSettings = {
				ASSETCATALOG_COMPILER_APPICON_NAME = AppIcon;
				"CODE_SIGN_IDENTITY[sdk=iphoneos*]" = "iPhone Developer";
				DEVELOPMENT_TEAM = 5S95K97BRD;
				INFOPLIST_FILE = calayer/Info.plist;
				LD_RUNPATH_SEARCH_PATHS = "$(inherited) @executable_path/Frameworks";
				PRODUCT_BUNDLE_IDENTIFIER = me.towry.calayer;
				PRODUCT_NAME = "$(TARGET_NAME)";
				SWIFT_VERSION = 3.0;
			};
			name = Debug;
		};
		8362E8931E5FFF8C00575094 /* Release */ = {
			isa = XCBuildConfiguration;
			baseConfigurationReference = 7292EA67E38B8626C3E77C01 /* Pods-calayer.release.xcconfig */;
			buildSettings = {
				ASSETCATALOG_COMPILER_APPICON_NAME = AppIcon;
				"CODE_SIGN_IDENTITY[sdk=iphoneos*]" = "iPhone Developer";
				DEVELOPMENT_TEAM = 5S95K97BRD;
				INFOPLIST_FILE = calayer/Info.plist;
				LD_RUNPATH_SEARCH_PATHS = "$(inherited) @executable_path/Frameworks";
				PRODUCT_BUNDLE_IDENTIFIER = me.towry.calayer;
				PRODUCT_NAME = "$(TARGET_NAME)";
				SWIFT_VERSION = 3.0;
			};
			name = Release;
		};
/* End XCBuildConfiguration section */

/* Begin XCConfigurationList section */
		8362E87A1E5FFF8C00575094 /* Build configuration list for PBXProject "calayer" */ = {
			isa = XCConfigurationList;
			buildConfigurations = (
				8362E88F1E5FFF8C00575094 /* Debug */,
				8362E8901E5FFF8C00575094 /* Release */,
			);
			defaultConfigurationIsVisible = 0;
			defaultConfigurationName = Release;
		};
		8362E8911E5FFF8C00575094 /* Build configuration list for PBXNativeTarget "calayer" */ = {
			isa = XCConfigurationList;
			buildConfigurations = (
				8362E8921E5FFF8C00575094 /* Debug */,
				8362E8931E5FFF8C00575094 /* Release */,
			);
			defaultConfigurationIsVisible = 0;
			defaultConfigurationName = Release;
		};
/* End XCConfigurationList section */
	};
	rootObject = 8362E8771E5FFF8C00575094 /* Project object */;
}
