// !$*UTF8*$!
{
	archiveVersion = 1;
	classes = {
	};
	objectVersion = 46;
	objects = {

/* Begin PBXBuildFile section */
		83438FB61E59A3A6000C6AC1 /* MainViewController.swift in Sources */ = {isa = PBXBuildFile; fileRef = 83438FB51E59A3A6000C6AC1 /* MainViewController.swift */; };
		8395A8A81E59BF5500E62C0B /* DefaultViewController.swift in Sources */ = {isa = PBXBuildFile; fileRef = 8395A8A71E59BF5500E62C0B /* DefaultViewController.swift */; };
		83C1BB1B1E53724A0013DB55 /* AppDelegate.swift in Sources */ = {isa = PBXBuildFile; fileRef = 83C1BB1A1E53724A0013DB55 /* AppDelegate.swift */; };
		83C1BB241E53724A0013DB55 /* Assets.xcassets in Resources */ = {isa = PBXBuildFile; fileRef = 83C1BB231E53724A0013DB55 /* Assets.xcassets */; };
		83C1BB271E53724A0013DB55 /* LaunchScreen.storyboard in Resources */ = {isa = PBXBuildFile; fileRef = 83C1BB251E53724A0013DB55 /* LaunchScreen.storyboard */; };
		83F6A2771E5C6FB90069B45F /* RootViewController.swift in Sources */ = {isa = PBXBuildFile; fileRef = 83F6A2761E5C6FB90069B45F /* RootViewController.swift */; };
/* End PBXBuildFile section */

/* Begin PBXFileReference section */
		83438FB51E59A3A6000C6AC1 /* MainViewController.swift */ = {isa = PBXFileReference; fileEncoding = 4; lastKnownFileType = sourcecode.swift; path = MainViewController.swift; sourceTree = "<group>"; };
		8395A8A71E59BF5500E62C0B /* DefaultViewController.swift */ = {isa = PBXFileReference; fileEncoding = 4; lastKnownFileType = sourcecode.swift; path = DefaultViewController.swift; sourceTree = "<group>"; };
		83C1BB171E53724A0013DB55 /* test-tabed.app */ = {isa = PBXFileReference; explicitFileType = wrapper.application; includeInIndex = 0; path = "test-tabed.app"; sourceTree = BUILT_PRODUCTS_DIR; };
		83C1BB1A1E53724A0013DB55 /* AppDelegate.swift */ = {isa = PBXFileReference; lastKnownFileType = sourcecode.swift; path = AppDelegate.swift; sourceTree = "<group>"; };
		83C1BB231E53724A0013DB55 /* Assets.xcassets */ = {isa = PBXFileReference; lastKnownFileType = folder.assetcatalog; path = Assets.xcassets; sourceTree = "<group>"; };
		83C1BB261E53724A0013DB55 /* Base */ = {isa = PBXFileReference; lastKnownFileType = file.storyboard; name = Base; path = Base.lproj/LaunchScreen.storyboard; sourceTree = "<group>"; };
		83C1BB281E53724A0013DB55 /* Info.plist */ = {isa = PBXFileReference; lastKnownFileType = text.plist.xml; path = Info.plist; sourceTree = "<group>"; };
		83F6A2761E5C6FB90069B45F /* RootViewController.swift */ = {isa = PBXFileReference; fileEncoding = 4; lastKnownFileType = sourcecode.swift; path = RootViewController.swift; sourceTree = "<group>"; };
/* End PBXFileReference section */

/* Begin PBXFrameworksBuildPhase section */
		83C1BB141E53724A0013DB55 /* Frameworks */ = {
			isa = PBXFrameworksBuildPhase;
			buildActionMask = 2147483647;
			files = (
			);
			runOnlyForDeploymentPostprocessing = 0;
		};
/* End PBXFrameworksBuildPhase section */

/* Begin PBXGroup section */
		83C1BB0E1E53724A0013DB55 = {
			isa = PBXGroup;
			children = (
				83C1BB191E53724A0013DB55 /* test-tabed */,
				83C1BB181E53724A0013DB55 /* Products */,
			);
			sourceTree = "<group>";
		};
		83C1BB181E53724A0013DB55 /* Products */ = {
			isa = PBXGroup;
			children = (
				83C1BB171E53724A0013DB55 /* test-tabed.app */,
			);
			name = Products;
			sourceTree = "<group>";
		};
		83C1BB191E53724A0013DB55 /* test-tabed */ = {
			isa = PBXGroup;
			children = (
				83C1BB1A1E53724A0013DB55 /* AppDelegate.swift */,
				83C1BB231E53724A0013DB55 /* Assets.xcassets */,
				83C1BB251E53724A0013DB55 /* LaunchScreen.storyboard */,
				83C1BB281E53724A0013DB55 /* Info.plist */,
				83438FB51E59A3A6000C6AC1 /* MainViewController.swift */,
				8395A8A71E59BF5500E62C0B /* DefaultViewController.swift */,
				83F6A2761E5C6FB90069B45F /* RootViewController.swift */,
			);
			path = "test-tabed";
			sourceTree = "<group>";
		};
/* End PBXGroup section */

/* Begin PBXNativeTarget section */
		83C1BB161E53724A0013DB55 /* test-tabed */ = {
			isa = PBXNativeTarget;
			buildConfigurationList = 83C1BB2B1E53724A0013DB55 /* Build configuration list for PBXNativeTarget "test-tabed" */;
			buildPhases = (
				83C1BB131E53724A0013DB55 /* Sources */,
				83C1BB141E53724A0013DB55 /* Frameworks */,
				83C1BB151E53724A0013DB55 /* Resources */,
			);
			buildRules = (
			);
			dependencies = (
			);
			name = "test-tabed";
			productName = "test-tabed";
			productReference = 83C1BB171E53724A0013DB55 /* test-tabed.app */;
			productType = "com.apple.product-type.application";
		};
/* End PBXNativeTarget section */

/* Begin PBXProject section */
		83C1BB0F1E53724A0013DB55 /* Project object */ = {
			isa = PBXProject;
			attributes = {
				LastSwiftUpdateCheck = 0820;
				LastUpgradeCheck = 0820;
				ORGANIZATIONNAME = towry;
				TargetAttributes = {
					83C1BB161E53724A0013DB55 = {
						CreatedOnToolsVersion = 8.2.1;
						DevelopmentTeam = 5S95K97BRD;
						ProvisioningStyle = Automatic;
					};
				};
			};
			buildConfigurationList = 83C1BB121E53724A0013DB55 /* Build configuration list for PBXProject "test-tabed" */;
			compatibilityVersion = "Xcode 3.2";
			developmentRegion = English;
			hasScannedForEncodings = 0;
			knownRegions = (
				en,
				Base,
			);
			mainGroup = 83C1BB0E1E53724A0013DB55;
			productRefGroup = 83C1BB181E53724A0013DB55 /* Products */;
			projectDirPath = "";
			projectRoot = "";
			targets = (
				83C1BB161E53724A0013DB55 /* test-tabed */,
			);
		};
/* End PBXProject section */

/* Begin PBXResourcesBuildPhase section */
		83C1BB151E53724A0013DB55 /* Resources */ = {
			isa = PBXResourcesBuildPhase;
			buildActionMask = 2147483647;
			files = (
				83C1BB271E53724A0013DB55 /* LaunchScreen.storyboard in Resources */,
				83C1BB241E53724A0013DB55 /* Assets.xcassets in Resources */,
			);
			runOnlyForDeploymentPostprocessing = 0;
		};
/* End PBXResourcesBuildPhase section */

/* Begin PBXSourcesBuildPhase section */
		83C1BB131E53724A0013DB55 /* Sources */ = {
			isa = PBXSourcesBuildPhase;
			buildActionMask = 2147483647;
			files = (
				83F6A2771E5C6FB90069B45F /* RootViewController.swift in Sources */,
				8395A8A81E59BF5500E62C0B /* DefaultViewController.swift in Sources */,
				83C1BB1B1E53724A0013DB55 /* AppDelegate.swift in Sources */,
				83438FB61E59A3A6000C6AC1 /* MainViewController.swift in Sources */,
			);
			runOnlyForDeploymentPostprocessing = 0;
		};
/* End PBXSourcesBuildPhase section */

/* Begin PBXVariantGroup section */
		83C1BB251E53724A0013DB55 /* LaunchScreen.storyboard */ = {
			isa = PBXVariantGroup;
			children = (
				83C1BB261E53724A0013DB55 /* Base */,
			);
			name = LaunchScreen.storyboard;
			sourceTree = "<group>";
		};
/* End PBXVariantGroup section */

/* Begin XCBuildConfiguration section */
		83C1BB291E53724A0013DB55 /* Debug */ = {
			isa = XCBuildConfiguration;
			buildSettings = {
				ALWAYS_SEARCH_USER_PATHS = NO;
				CLANG_ANALYZER_NONNULL = YES;
				CLANG_CXX_LANGUAGE_STANDARD = "gnu++0x";
				CLANG_CXX_LIBRARY = "libc++";
				CLANG_ENABLE_MODULES = YES;
				CLANG_ENABLE_OBJC_ARC = YES;
				CLANG_WARN_BOOL_CONVERSION = YES;
				CLANG_WARN_CONSTANT_CONVERSION = YES;
				CLANG_WARN_DIRECT_OBJC_ISA_USAGE = YES_ERROR;
				CLANG_WARN_DOCUMENTATION_COMMENTS = YES;
				CLANG_WARN_EMPTY_BODY = YES;
				CLANG_WARN_ENUM_CONVERSION = YES;
				CLANG_WARN_INFINITE_RECURSION = YES;
				CLANG_WARN_INT_CONVERSION = YES;
				CLANG_WARN_OBJC_ROOT_CLASS = YES_ERROR;
				CLANG_WARN_SUSPICIOUS_MOVE = YES;
				CLANG_WARN_UNREACHABLE_CODE = YES;
				CLANG_WARN__DUPLICATE_METHOD_MATCH = YES;
				"CODE_SIGN_IDENTITY[sdk=iphoneos*]" = "iPhone Developer";
				COPY_PHASE_STRIP = NO;
				DEBUG_INFORMATION_FORMAT = dwarf;
				ENABLE_STRICT_OBJC_MSGSEND = YES;
				ENABLE_TESTABILITY = YES;
				GCC_C_LANGUAGE_STANDARD = gnu99;
				GCC_DYNAMIC_NO_PIC = NO;
				GCC_NO_COMMON_BLOCKS = YES;
				GCC_OPTIMIZATION_LEVEL = 0;
				GCC_PREPROCESSOR_DEFINITIONS = (
					"DEBUG=1",
					"$(inherited)",
				);
				GCC_WARN_64_TO_32_BIT_CONVERSION = YES;
				GCC_WARN_ABOUT_RETURN_TYPE = YES_ERROR;
				GCC_WARN_UNDECLARED_SELECTOR = YES;
				GCC_WARN_UNINITIALIZED_AUTOS = YES_AGGRESSIVE;
				GCC_WARN_UNUSED_FUNCTION = YES;
				GCC_WARN_UNUSED_VARIABLE = YES;
				IPHONEOS_DEPLOYMENT_TARGET = 10.2;
				MTL_ENABLE_DEBUG_INFO = YES;
				ONLY_ACTIVE_ARCH = YES;
				SDKROOT = iphoneos;
				SWIFT_ACTIVE_COMPILATION_CONDITIONS = DEBUG;
				SWIFT_OPTIMIZATION_LEVEL = "-Onone";
				TARGETED_DEVICE_FAMILY = "1,2";
			};
			name = Debug;
		};
		83C1BB2A1E53724A0013DB55 /* Release */ = {
			isa = XCBuildConfiguration;
			buildSettings = {
				ALWAYS_SEARCH_USER_PATHS = NO;
				CLANG_ANALYZER_NONNULL = YES;
				CLANG_CXX_LANGUAGE_STANDARD = "gnu++0x";
				CLANG_CXX_LIBRARY = "libc++";
				CLANG_ENABLE_MODULES = YES;
				CLANG_ENABLE_OBJC_ARC = YES;
				CLANG_WARN_BOOL_CONVERSION = YES;
				CLANG_WARN_CONSTANT_CONVERSION = YES;
				CLANG_WARN_DIRECT_OBJC_ISA_USAGE = YES_ERROR;
				CLANG_WARN_DOCUMENTATION_COMMENTS = YES;
				CLANG_WARN_EMPTY_BODY = YES;
				CLANG_WARN_ENUM_CONVERSION = YES;
				CLANG_WARN_INFINITE_RECURSION = YES;
				CLANG_WARN_INT_CONVERSION = YES;
				CLANG_WARN_OBJC_ROOT_CLASS = YES_ERROR;
				CLANG_WARN_SUSPICIOUS_MOVE = YES;
				CLANG_WARN_UNREACHABLE_CODE = YES;
				CLANG_WARN__DUPLICATE_METHOD_MATCH = YES;
				"CODE_SIGN_IDENTITY[sdk=iphoneos*]" = "iPhone Developer";
				COPY_PHASE_STRIP = NO;
				DEBUG_INFORMATION_FORMAT = "dwarf-with-dsym";
				ENABLE_NS_ASSERTIONS = NO;
				ENABLE_STRICT_OBJC_MSGSEND = YES;
				GCC_C_LANGUAGE_STANDARD = gnu99;
				GCC_NO_COMMON_BLOCKS = YES;
				GCC_WARN_64_TO_32_BIT_CONVERSION = YES;
				GCC_WARN_ABOUT_RETURN_TYPE = YES_ERROR;
				GCC_WARN_UNDECLARED_SELECTOR = YES;
				GCC_WARN_UNINITIALIZED_AUTOS = YES_AGGRESSIVE;
				GCC_WARN_UNUSED_FUNCTION = YES;
				GCC_WARN_UNUSED_VARIABLE = YES;
				IPHONEOS_DEPLOYMENT_TARGET = 10.2;
				MTL_ENABLE_DEBUG_INFO = NO;
				SDKROOT = iphoneos;
				SWIFT_OPTIMIZATION_LEVEL = "-Owholemodule";
				TARGETED_DEVICE_FAMILY = "1,2";
				VALIDATE_PRODUCT = YES;
			};
			name = Release;
		};
		83C1BB2C1E53724A0013DB55 /* Debug */ = {
			isa = XCBuildConfiguration;
			buildSettings = {
				ASSETCATALOG_COMPILER_APPICON_NAME = AppIcon;
				DEVELOPMENT_TEAM = 5S95K97BRD;
				INFOPLIST_FILE = "test-tabed/Info.plist";
				LD_RUNPATH_SEARCH_PATHS = "$(inherited) @executable_path/Frameworks";
				PRODUCT_BUNDLE_IDENTIFIER = "me.towry.test-tabed";
				PRODUCT_NAME = "$(TARGET_NAME)";
				SWIFT_VERSION = 3.0;
			};
			name = Debug;
		};
		83C1BB2D1E53724A0013DB55 /* Release */ = {
			isa = XCBuildConfiguration;
			buildSettings = {
				ASSETCATALOG_COMPILER_APPICON_NAME = AppIcon;
				DEVELOPMENT_TEAM = 5S95K97BRD;
				INFOPLIST_FILE = "test-tabed/Info.plist";
				LD_RUNPATH_SEARCH_PATHS = "$(inherited) @executable_path/Frameworks";
				PRODUCT_BUNDLE_IDENTIFIER = "me.towry.test-tabed";
				PRODUCT_NAME = "$(TARGET_NAME)";
				SWIFT_VERSION = 3.0;
			};
			name = Release;
		};
/* End XCBuildConfiguration section */

/* Begin XCConfigurationList section */
		83C1BB121E53724A0013DB55 /* Build configuration list for PBXProject "test-tabed" */ = {
			isa = XCConfigurationList;
			buildConfigurations = (
				83C1BB291E53724A0013DB55 /* Debug */,
				83C1BB2A1E53724A0013DB55 /* Release */,
			);
			defaultConfigurationIsVisible = 0;
			defaultConfigurationName = Release;
		};
		83C1BB2B1E53724A0013DB55 /* Build configuration list for PBXNativeTarget "test-tabed" */ = {
			isa = XCConfigurationList;
			buildConfigurations = (
				83C1BB2C1E53724A0013DB55 /* Debug */,
				83C1BB2D1E53724A0013DB55 /* Release */,
			);
			defaultConfigurationIsVisible = 0;
			defaultConfigurationName = Release;
		};
/* End XCConfigurationList section */
	};
	rootObject = 83C1BB0F1E53724A0013DB55 /* Project object */;
}
